
Microsoft Visual Studio Solution File, Format Version 12.00
# Visual Studio Version 17
VisualStudioVersion = 17.11.35303.130
MinimumVisualStudioVersion = 10.0.40219.1
Project("{2150E333-8FDC-42A3-9474-1A3956D46DE8}") = "Task0", "Task0", "{632F337F-6A7F-47EE-8D00-760BEF06162C}"
EndProject
Project("{FAE04EC0-301F-11D3-BF4B-00C04F79EFBC}") = "Tyuiu.MyshakinD.Sprint2.Task0.V28", "Tyuiu.MyshakinD.Sprint2.Task0.V28\Tyuiu.MyshakinD.Sprint2.Task0.V28.csproj", "{EF553CA9-D8DD-4479-855B-724F4899EB2B}"
EndProject
Project("{FAE04EC0-301F-11D3-BF4B-00C04F79EFBC}") = "Tyuiu.MyshakinD.Sprint2.Task0.V28.Lib", "Tyuiu.MyshakinD.Sprint2.Task0.V28.Lib\Tyuiu.MyshakinD.Sprint2.Task0.V28.Lib.csproj", "{C9DB224D-9314-4C50-861F-848BE2A88E93}"
EndProject
Project("{FAE04EC0-301F-11D3-BF4B-00C04F79EFBC}") = "Tyuiu.MyshakinD.Sprint2.Task0.V28.Test", "Tyuiu.MyshakinD.Sprint2.Task0.V28.Test\Tyuiu.MyshakinD.Sprint2.Task0.V28.Test.csproj", "{206E5733-DA58-4CA7-A64C-1EEF0A6CFCC4}"
EndProject
Global
	GlobalSection(SolutionConfigurationPlatforms) = preSolution
		Debug|Any CPU = Debug|Any CPU
		Release|Any CPU = Release|Any CPU
	EndGlobalSection
	GlobalSection(ProjectConfigurationPlatforms) = postSolution
		{EF553CA9-D8DD-4479-855B-724F4899EB2B}.Debug|Any CPU.ActiveCfg = Debug|Any CPU
		{EF553CA9-D8DD-4479-855B-724F4899EB2B}.Debug|Any CPU.Build.0 = Debug|Any CPU
		{EF553CA9-D8DD-4479-855B-724F4899EB2B}.Release|Any CPU.ActiveCfg = Release|Any CPU
		{EF553CA9-D8DD-4479-855B-724F4899EB2B}.Release|Any CPU.Build.0 = Release|Any CPU
		{C9DB224D-9314-4C50-861F-848BE2A88E93}.Debug|Any CPU.ActiveCfg = Debug|Any CPU
		{C9DB224D-9314-4C50-861F-848BE2A88E93}.Debug|Any CPU.Build.0 = Debug|Any CPU
		{C9DB224D-9314-4C50-861F-848BE2A88E93}.Release|Any CPU.ActiveCfg = Release|Any CPU
		{C9DB224D-9314-4C50-861F-848BE2A88E93}.Release|Any CPU.Build.0 = Release|Any CPU
		{206E5733-DA58-4CA7-A64C-1EEF0A6CFCC4}.Debug|Any CPU.ActiveCfg = Debug|Any CPU
		{206E5733-DA58-4CA7-A64C-1EEF0A6CFCC4}.Debug|Any CPU.Build.0 = Debug|Any CPU
		{206E5733-DA58-4CA7-A64C-1EEF0A6CFCC4}.Release|Any CPU.ActiveCfg = Release|Any CPU
		{206E5733-DA58-4CA7-A64C-1EEF0A6CFCC4}.Release|Any CPU.Build.0 = Release|Any CPU
	EndGlobalSection
	GlobalSection(SolutionProperties) = preSolution
		HideSolutionNode = FALSE
	EndGlobalSection
	GlobalSection(NestedProjects) = preSolution
		{EF553CA9-D8DD-4479-855B-724F4899EB2B} = {632F337F-6A7F-47EE-8D00-760BEF06162C}
		{C9DB224D-9314-4C50-861F-848BE2A88E93} = {632F337F-6A7F-47EE-8D00-760BEF06162C}
		{206E5733-DA58-4CA7-A64C-1EEF0A6CFCC4} = {632F337F-6A7F-47EE-8D00-760BEF06162C}
	EndGlobalSection
	GlobalSection(ExtensibilityGlobals) = postSolution
		SolutionGuid = {0F4395BA-5C04-4F1B-B5C8-A1712279E626}
	EndGlobalSection
EndGlobal
