
Microsoft Visual Studio Solution File, Format Version 12.00
# Visual Studio Version 17
VisualStudioVersion = 17.11.35303.130
MinimumVisualStudioVersion = 10.0.40219.1
Project("{2150E333-8FDC-42A3-9474-1A3956D46DE8}") = "Task0", "Task0", "{632F337F-6A7F-47EE-8D00-760BEF06162C}"
EndProject
Project("{9A19103F-16F7-4668-BE54-9A1E7A4F7556}") = "Tyuiu.MyshakinD.Sprint2.Task0.V28", "Tyuiu.MyshakinD.Sprint2.Task0.V28\Tyuiu.MyshakinD.Sprint2.Task0.V28.csproj", "{EF553CA9-D8DD-4479-855B-724F4899EB2B}"
EndProject
Project("{9A19103F-16F7-4668-BE54-9A1E7A4F7556}") = "Tyuiu.MyshakinD.Sprint2.Task0.V28.Lib", "Tyuiu.MyshakinD.Sprint2.Task0.V28.Lib\Tyuiu.MyshakinD.Sprint2.Task0.V28.Lib.csproj", "{C9DB224D-9314-4C50-861F-848BE2A88E93}"
EndProject
Project("{9A19103F-16F7-4668-BE54-9A1E7A4F7556}") = "Tyuiu.MyshakinD.Sprint2.Task0.V28.Test", "Tyuiu.MyshakinD.Sprint2.Task0.V28.Test\Tyuiu.MyshakinD.Sprint2.Task0.V28.Test.csproj", "{206E5733-DA58-4CA7-A64C-1EEF0A6CFCC4}"
EndProject
Project("{2150E333-8FDC-42A3-9474-1A3956D46DE8}") = "Task1", "Task1", "{51AF7F32-C2B6-420C-9C7A-224771DEAD2E}"
EndProject
Project("{9A19103F-16F7-4668-BE54-9A1E7A4F7556}") = "Tyuiu.MyshakinD.Sprint2.Task1.V7", "Tyuiu.MyshakinD.Sprint2.Task1.V7\Tyuiu.MyshakinD.Sprint2.Task1.V7.csproj", "{4938DFE8-1EC9-49BC-A12C-39FF28A9D4F4}"
EndProject
Project("{9A19103F-16F7-4668-BE54-9A1E7A4F7556}") = "Tyuiu.MyshakinD.Sprint2.Task1.V7.Lib", "Tyuiu.MyshakinD.Sprint2.Task1.V7.Lib\Tyuiu.MyshakinD.Sprint2.Task1.V7.Lib.csproj", "{4CB818FF-3525-4566-B236-23F804DC7A3F}"
EndProject
Project("{9A19103F-16F7-4668-BE54-9A1E7A4F7556}") = "Tyuiu.MyshakinD.Sprint2.Task1.V7.Test", "Tyuiu.MyshakinD.Sprint2.Task1.V7.Test\Tyuiu.MyshakinD.Sprint2.Task1.V7.Test.csproj", "{4BD78B91-DD97-477C-B087-697EA0809E72}"
EndProject
Project("{2150E333-8FDC-42A3-9474-1A3956D46DE8}") = "Task2", "Task2", "{9817158C-0F89-49B8-AC70-2614D4712209}"
EndProject
Project("{9A19103F-16F7-4668-BE54-9A1E7A4F7556}") = "Tyuiu.MyshakinD.Sprint2.Task2.V13", "Tyuiu.MyshakinD.Sprint2.Task2.V13\Tyuiu.MyshakinD.Sprint2.Task2.V13.csproj", "{80A7ED2C-051F-4164-BEB0-287578FE80A7}"
EndProject
Project("{9A19103F-16F7-4668-BE54-9A1E7A4F7556}") = "Tyuiu.MyshakinD.Sprint2.Task2.V13.Lib", "Tyuiu.MyshakinD.Sprint2.Task2.V13.Lib\Tyuiu.MyshakinD.Sprint2.Task2.V13.Lib.csproj", "{B0B9D0F5-3A05-4147-9733-1B0ABBC9E4E6}"
EndProject
Project("{9A19103F-16F7-4668-BE54-9A1E7A4F7556}") = "Tyuiu.MyshakinD.Sprint2.Task2.V13.Test", "Tyuiu.MyshakinD.Sprint2.Task2.V13.Test\Tyuiu.MyshakinD.Sprint2.Task2.V13.Test.csproj", "{14FD5339-838A-41CF-BAE1-60D0311BB9D7}"
EndProject
Project("{2150E333-8FDC-42A3-9474-1A3956D46DE8}") = "Task3", "Task3", "{E911F37C-B3BA-49C4-B15B-1B0DC7B7DA63}"
EndProject
Project("{FAE04EC0-301F-11D3-BF4B-00C04F79EFBC}") = "Tyuiu.MyshakinD.Sprint2.Task3.V27", "Tyuiu.MyshakinD.Sprint2.Task3.V27\Tyuiu.MyshakinD.Sprint2.Task3.V27.csproj", "{22505489-6B91-4895-AF4A-8193D65AFBAC}"
EndProject
Project("{FAE04EC0-301F-11D3-BF4B-00C04F79EFBC}") = "Tyuiu.MyshakinD.Sprint2.Task3.V27.Lib", "Tyuiu.MyshakinD.Sprint2.Task3.V27.Lib\Tyuiu.MyshakinD.Sprint2.Task3.V27.Lib.csproj", "{EDAA383A-0185-4B11-8DE0-59DEF769C533}"
EndProject
Project("{FAE04EC0-301F-11D3-BF4B-00C04F79EFBC}") = "Tyuiu.MyshakinD.Sprint2.Task3.V27.Test", "Tyuiu.MyshakinD.Sprint2.Task3.V27.Test\Tyuiu.MyshakinD.Sprint2.Task3.V27.Test.csproj", "{9EAE1466-9086-4CF9-911E-5E4B02325E13}"
EndProject
Project("{2150E333-8FDC-42A3-9474-1A3956D46DE8}") = "Task4", "Task4", "{9DBDCC09-2556-4BDF-9470-A75BDAB97457}"
EndProject
Project("{FAE04EC0-301F-11D3-BF4B-00C04F79EFBC}") = "Tyuiu.MyshakinD.Sprint2.Task4.V30", "Tyuiu.MyshakinD.Sprint2.Task4.V30\Tyuiu.MyshakinD.Sprint2.Task4.V30.csproj", "{802772D3-4F93-49CE-AA6D-2BECE66EC4F6}"
EndProject
Project("{FAE04EC0-301F-11D3-BF4B-00C04F79EFBC}") = "Tyuiu.MyshakinD.Sprint2.Task4.V30.Lib", "Tyuiu.MyshakinD.Sprint2.Task4.V30.Lib\Tyuiu.MyshakinD.Sprint2.Task4.V30.Lib.csproj", "{D9015B6C-14C0-42F8-BF61-97024104031C}"
EndProject
Project("{FAE04EC0-301F-11D3-BF4B-00C04F79EFBC}") = "Tyuiu.MyshakinD.Sprint2.Task4.V30.Test", "Tyuiu.MyshakinD.Sprint2.Task4.V30.Test\Tyuiu.MyshakinD.Sprint2.Task4.V30.Test.csproj", "{17665813-4047-4C37-87AB-704692EAE116}"
EndProject
Project("{2150E333-8FDC-42A3-9474-1A3956D46DE8}") = "Task5", "Task5", "{3047ABCF-6C48-499F-B4E6-EC9201F43A1D}"
EndProject
Project("{FAE04EC0-301F-11D3-BF4B-00C04F79EFBC}") = "Tyuiu.MyshakinD.Sprint2.Task5.V6", "Tyuiu.MyshakinD.Sprint2.Task5.V6\Tyuiu.MyshakinD.Sprint2.Task5.V6.csproj", "{665BC2EF-33E2-414E-9E52-5C010718F104}"
EndProject
Project("{FAE04EC0-301F-11D3-BF4B-00C04F79EFBC}") = "Tyuiu.MyshakinD.Sprint2.Task5.V6.Lib", "Tyuiu.MyshakinD.Sprint2.Task5.V6.Lib\Tyuiu.MyshakinD.Sprint2.Task5.V6.Lib.csproj", "{0D42CE51-6E55-45E8-AF2C-971E4A7810B9}"
EndProject
Project("{FAE04EC0-301F-11D3-BF4B-00C04F79EFBC}") = "Tyuiu.MyshakinD.Sprint2.Task5.V6.Test", "Tyuiu.MyshakinD.Sprint2.Task5.V6.Test\Tyuiu.MyshakinD.Sprint2.Task5.V6.Test.csproj", "{7727A498-29E0-42E5-BD32-1BAB3596009E}"
EndProject
Project("{2150E333-8FDC-42A3-9474-1A3956D46DE8}") = "Task6", "Task6", "{D94AB05D-3837-4F7A-BE1D-B4939CDE97E1}"
EndProject
Project("{FAE04EC0-301F-11D3-BF4B-00C04F79EFBC}") = "Tyuiu.MyshakinD.Sprint2.Task6.V6", "Tyuiu.MyshakinD.Sprint2.Task6.V6\Tyuiu.MyshakinD.Sprint2.Task6.V6.csproj", "{6A87F185-2F93-4D6F-83AC-E9DF9DF85711}"
EndProject
Project("{FAE04EC0-301F-11D3-BF4B-00C04F79EFBC}") = "Tyuiu.MyshakinD.Sprint2.Task6.V6.Lib", "Tyuiu.MyshakinD.Sprint2.Task6.V6.Lib\Tyuiu.MyshakinD.Sprint2.Task6.V6.Lib.csproj", "{927591D3-EDB1-46A3-8117-8C6C3DE5CC9B}"
EndProject
Project("{FAE04EC0-301F-11D3-BF4B-00C04F79EFBC}") = "Tyuiu.MyshakinD.Sprint2.Task6.V6.Test", "Tyuiu.MyshakinD.Sprint2.Task6.V6.Test\Tyuiu.MyshakinD.Sprint2.Task6.V6.Test.csproj", "{53AE905E-E8B8-49E7-89F1-4D928BF155AE}"
EndProject
Global
	GlobalSection(SolutionConfigurationPlatforms) = preSolution
		Debug|Any CPU = Debug|Any CPU
		Release|Any CPU = Release|Any CPU
	EndGlobalSection
	GlobalSection(ProjectConfigurationPlatforms) = postSolution
		{EF553CA9-D8DD-4479-855B-724F4899EB2B}.Debug|Any CPU.ActiveCfg = Debug|Any CPU
		{EF553CA9-D8DD-4479-855B-724F4899EB2B}.Debug|Any CPU.Build.0 = Debug|Any CPU
		{EF553CA9-D8DD-4479-855B-724F4899EB2B}.Release|Any CPU.ActiveCfg = Release|Any CPU
		{EF553CA9-D8DD-4479-855B-724F4899EB2B}.Release|Any CPU.Build.0 = Release|Any CPU
		{C9DB224D-9314-4C50-861F-848BE2A88E93}.Debug|Any CPU.ActiveCfg = Debug|Any CPU
		{C9DB224D-9314-4C50-861F-848BE2A88E93}.Debug|Any CPU.Build.0 = Debug|Any CPU
		{C9DB224D-9314-4C50-861F-848BE2A88E93}.Release|Any CPU.ActiveCfg = Release|Any CPU
		{C9DB224D-9314-4C50-861F-848BE2A88E93}.Release|Any CPU.Build.0 = Release|Any CPU
		{206E5733-DA58-4CA7-A64C-1EEF0A6CFCC4}.Debug|Any CPU.ActiveCfg = Debug|Any CPU
		{206E5733-DA58-4CA7-A64C-1EEF0A6CFCC4}.Debug|Any CPU.Build.0 = Debug|Any CPU
		{206E5733-DA58-4CA7-A64C-1EEF0A6CFCC4}.Release|Any CPU.ActiveCfg = Release|Any CPU
		{206E5733-DA58-4CA7-A64C-1EEF0A6CFCC4}.Release|Any CPU.Build.0 = Release|Any CPU
		{4938DFE8-1EC9-49BC-A12C-39FF28A9D4F4}.Debug|Any CPU.ActiveCfg = Debug|Any CPU
		{4938DFE8-1EC9-49BC-A12C-39FF28A9D4F4}.Debug|Any CPU.Build.0 = Debug|Any CPU
		{4938DFE8-1EC9-49BC-A12C-39FF28A9D4F4}.Release|Any CPU.ActiveCfg = Release|Any CPU
		{4938DFE8-1EC9-49BC-A12C-39FF28A9D4F4}.Release|Any CPU.Build.0 = Release|Any CPU
		{4CB818FF-3525-4566-B236-23F804DC7A3F}.Debug|Any CPU.ActiveCfg = Debug|Any CPU
		{4CB818FF-3525-4566-B236-23F804DC7A3F}.Debug|Any CPU.Build.0 = Debug|Any CPU
		{4CB818FF-3525-4566-B236-23F804DC7A3F}.Release|Any CPU.ActiveCfg = Release|Any CPU
		{4CB818FF-3525-4566-B236-23F804DC7A3F}.Release|Any CPU.Build.0 = Release|Any CPU
		{4BD78B91-DD97-477C-B087-697EA0809E72}.Debug|Any CPU.ActiveCfg = Debug|Any CPU
		{4BD78B91-DD97-477C-B087-697EA0809E72}.Debug|Any CPU.Build.0 = Debug|Any CPU
		{4BD78B91-DD97-477C-B087-697EA0809E72}.Release|Any CPU.ActiveCfg = Release|Any CPU
		{4BD78B91-DD97-477C-B087-697EA0809E72}.Release|Any CPU.Build.0 = Release|Any CPU
		{80A7ED2C-051F-4164-BEB0-287578FE80A7}.Debug|Any CPU.ActiveCfg = Debug|Any CPU
		{80A7ED2C-051F-4164-BEB0-287578FE80A7}.Debug|Any CPU.Build.0 = Debug|Any CPU
		{80A7ED2C-051F-4164-BEB0-287578FE80A7}.Release|Any CPU.ActiveCfg = Release|Any CPU
		{80A7ED2C-051F-4164-BEB0-287578FE80A7}.Release|Any CPU.Build.0 = Release|Any CPU
		{B0B9D0F5-3A05-4147-9733-1B0ABBC9E4E6}.Debug|Any CPU.ActiveCfg = Debug|Any CPU
		{B0B9D0F5-3A05-4147-9733-1B0ABBC9E4E6}.Debug|Any CPU.Build.0 = Debug|Any CPU
		{B0B9D0F5-3A05-4147-9733-1B0ABBC9E4E6}.Release|Any CPU.ActiveCfg = Release|Any CPU
		{B0B9D0F5-3A05-4147-9733-1B0ABBC9E4E6}.Release|Any CPU.Build.0 = Release|Any CPU
		{14FD5339-838A-41CF-BAE1-60D0311BB9D7}.Debug|Any CPU.ActiveCfg = Debug|Any CPU
		{14FD5339-838A-41CF-BAE1-60D0311BB9D7}.Debug|Any CPU.Build.0 = Debug|Any CPU
		{14FD5339-838A-41CF-BAE1-60D0311BB9D7}.Release|Any CPU.ActiveCfg = Release|Any CPU
		{14FD5339-838A-41CF-BAE1-60D0311BB9D7}.Release|Any CPU.Build.0 = Release|Any CPU
		{22505489-6B91-4895-AF4A-8193D65AFBAC}.Debug|Any CPU.ActiveCfg = Debug|Any CPU
		{22505489-6B91-4895-AF4A-8193D65AFBAC}.Debug|Any CPU.Build.0 = Debug|Any CPU
		{22505489-6B91-4895-AF4A-8193D65AFBAC}.Release|Any CPU.ActiveCfg = Release|Any CPU
		{22505489-6B91-4895-AF4A-8193D65AFBAC}.Release|Any CPU.Build.0 = Release|Any CPU
		{EDAA383A-0185-4B11-8DE0-59DEF769C533}.Debug|Any CPU.ActiveCfg = Debug|Any CPU
		{EDAA383A-0185-4B11-8DE0-59DEF769C533}.Debug|Any CPU.Build.0 = Debug|Any CPU
		{EDAA383A-0185-4B11-8DE0-59DEF769C533}.Release|Any CPU.ActiveCfg = Release|Any CPU
		{EDAA383A-0185-4B11-8DE0-59DEF769C533}.Release|Any CPU.Build.0 = Release|Any CPU
		{9EAE1466-9086-4CF9-911E-5E4B02325E13}.Debug|Any CPU.ActiveCfg = Debug|Any CPU
		{9EAE1466-9086-4CF9-911E-5E4B02325E13}.Debug|Any CPU.Build.0 = Debug|Any CPU
		{9EAE1466-9086-4CF9-911E-5E4B02325E13}.Release|Any CPU.ActiveCfg = Release|Any CPU
		{9EAE1466-9086-4CF9-911E-5E4B02325E13}.Release|Any CPU.Build.0 = Release|Any CPU
		{802772D3-4F93-49CE-AA6D-2BECE66EC4F6}.Debug|Any CPU.ActiveCfg = Debug|Any CPU
		{802772D3-4F93-49CE-AA6D-2BECE66EC4F6}.Debug|Any CPU.Build.0 = Debug|Any CPU
		{802772D3-4F93-49CE-AA6D-2BECE66EC4F6}.Release|Any CPU.ActiveCfg = Release|Any CPU
		{802772D3-4F93-49CE-AA6D-2BECE66EC4F6}.Release|Any CPU.Build.0 = Release|Any CPU
		{D9015B6C-14C0-42F8-BF61-97024104031C}.Debug|Any CPU.ActiveCfg = Debug|Any CPU
		{D9015B6C-14C0-42F8-BF61-97024104031C}.Debug|Any CPU.Build.0 = Debug|Any CPU
		{D9015B6C-14C0-42F8-BF61-97024104031C}.Release|Any CPU.ActiveCfg = Release|Any CPU
		{D9015B6C-14C0-42F8-BF61-97024104031C}.Release|Any CPU.Build.0 = Release|Any CPU
		{17665813-4047-4C37-87AB-704692EAE116}.Debug|Any CPU.ActiveCfg = Debug|Any CPU
		{17665813-4047-4C37-87AB-704692EAE116}.Debug|Any CPU.Build.0 = Debug|Any CPU
		{17665813-4047-4C37-87AB-704692EAE116}.Release|Any CPU.ActiveCfg = Release|Any CPU
		{17665813-4047-4C37-87AB-704692EAE116}.Release|Any CPU.Build.0 = Release|Any CPU
		{665BC2EF-33E2-414E-9E52-5C010718F104}.Debug|Any CPU.ActiveCfg = Debug|Any CPU
		{665BC2EF-33E2-414E-9E52-5C010718F104}.Debug|Any CPU.Build.0 = Debug|Any CPU
		{665BC2EF-33E2-414E-9E52-5C010718F104}.Release|Any CPU.ActiveCfg = Release|Any CPU
		{665BC2EF-33E2-414E-9E52-5C010718F104}.Release|Any CPU.Build.0 = Release|Any CPU
		{0D42CE51-6E55-45E8-AF2C-971E4A7810B9}.Debug|Any CPU.ActiveCfg = Debug|Any CPU
		{0D42CE51-6E55-45E8-AF2C-971E4A7810B9}.Debug|Any CPU.Build.0 = Debug|Any CPU
		{0D42CE51-6E55-45E8-AF2C-971E4A7810B9}.Release|Any CPU.ActiveCfg = Release|Any CPU
		{0D42CE51-6E55-45E8-AF2C-971E4A7810B9}.Release|Any CPU.Build.0 = Release|Any CPU
		{7727A498-29E0-42E5-BD32-1BAB3596009E}.Debug|Any CPU.ActiveCfg = Debug|Any CPU
		{7727A498-29E0-42E5-BD32-1BAB3596009E}.Debug|Any CPU.Build.0 = Debug|Any CPU
		{7727A498-29E0-42E5-BD32-1BAB3596009E}.Release|Any CPU.ActiveCfg = Release|Any CPU
		{7727A498-29E0-42E5-BD32-1BAB3596009E}.Release|Any CPU.Build.0 = Release|Any CPU
		{6A87F185-2F93-4D6F-83AC-E9DF9DF85711}.Debug|Any CPU.ActiveCfg = Debug|Any CPU
		{6A87F185-2F93-4D6F-83AC-E9DF9DF85711}.Debug|Any CPU.Build.0 = Debug|Any CPU
		{6A87F185-2F93-4D6F-83AC-E9DF9DF85711}.Release|Any CPU.ActiveCfg = Release|Any CPU
		{6A87F185-2F93-4D6F-83AC-E9DF9DF85711}.Release|Any CPU.Build.0 = Release|Any CPU
		{927591D3-EDB1-46A3-8117-8C6C3DE5CC9B}.Debug|Any CPU.ActiveCfg = Debug|Any CPU
		{927591D3-EDB1-46A3-8117-8C6C3DE5CC9B}.Debug|Any CPU.Build.0 = Debug|Any CPU
		{927591D3-EDB1-46A3-8117-8C6C3DE5CC9B}.Release|Any CPU.ActiveCfg = Release|Any CPU
		{927591D3-EDB1-46A3-8117-8C6C3DE5CC9B}.Release|Any CPU.Build.0 = Release|Any CPU
		{53AE905E-E8B8-49E7-89F1-4D928BF155AE}.Debug|Any CPU.ActiveCfg = Debug|Any CPU
		{53AE905E-E8B8-49E7-89F1-4D928BF155AE}.Debug|Any CPU.Build.0 = Debug|Any CPU
		{53AE905E-E8B8-49E7-89F1-4D928BF155AE}.Release|Any CPU.ActiveCfg = Release|Any CPU
		{53AE905E-E8B8-49E7-89F1-4D928BF155AE}.Release|Any CPU.Build.0 = Release|Any CPU
	EndGlobalSection
	GlobalSection(SolutionProperties) = preSolution
		HideSolutionNode = FALSE
	EndGlobalSection
	GlobalSection(NestedProjects) = preSolution
		{EF553CA9-D8DD-4479-855B-724F4899EB2B} = {632F337F-6A7F-47EE-8D00-760BEF06162C}
		{C9DB224D-9314-4C50-861F-848BE2A88E93} = {632F337F-6A7F-47EE-8D00-760BEF06162C}
		{206E5733-DA58-4CA7-A64C-1EEF0A6CFCC4} = {632F337F-6A7F-47EE-8D00-760BEF06162C}
		{4938DFE8-1EC9-49BC-A12C-39FF28A9D4F4} = {51AF7F32-C2B6-420C-9C7A-224771DEAD2E}
		{4CB818FF-3525-4566-B236-23F804DC7A3F} = {51AF7F32-C2B6-420C-9C7A-224771DEAD2E}
		{4BD78B91-DD97-477C-B087-697EA0809E72} = {51AF7F32-C2B6-420C-9C7A-224771DEAD2E}
		{80A7ED2C-051F-4164-BEB0-287578FE80A7} = {9817158C-0F89-49B8-AC70-2614D4712209}
		{B0B9D0F5-3A05-4147-9733-1B0ABBC9E4E6} = {9817158C-0F89-49B8-AC70-2614D4712209}
		{14FD5339-838A-41CF-BAE1-60D0311BB9D7} = {9817158C-0F89-49B8-AC70-2614D4712209}
		{22505489-6B91-4895-AF4A-8193D65AFBAC} = {E911F37C-B3BA-49C4-B15B-1B0DC7B7DA63}
		{EDAA383A-0185-4B11-8DE0-59DEF769C533} = {E911F37C-B3BA-49C4-B15B-1B0DC7B7DA63}
		{9EAE1466-9086-4CF9-911E-5E4B02325E13} = {E911F37C-B3BA-49C4-B15B-1B0DC7B7DA63}
		{802772D3-4F93-49CE-AA6D-2BECE66EC4F6} = {9DBDCC09-2556-4BDF-9470-A75BDAB97457}
		{D9015B6C-14C0-42F8-BF61-97024104031C} = {9DBDCC09-2556-4BDF-9470-A75BDAB97457}
		{17665813-4047-4C37-87AB-704692EAE116} = {9DBDCC09-2556-4BDF-9470-A75BDAB97457}
		{665BC2EF-33E2-414E-9E52-5C010718F104} = {3047ABCF-6C48-499F-B4E6-EC9201F43A1D}
		{0D42CE51-6E55-45E8-AF2C-971E4A7810B9} = {3047ABCF-6C48-499F-B4E6-EC9201F43A1D}
		{7727A498-29E0-42E5-BD32-1BAB3596009E} = {3047ABCF-6C48-499F-B4E6-EC9201F43A1D}
		{6A87F185-2F93-4D6F-83AC-E9DF9DF85711} = {D94AB05D-3837-4F7A-BE1D-B4939CDE97E1}
		{927591D3-EDB1-46A3-8117-8C6C3DE5CC9B} = {D94AB05D-3837-4F7A-BE1D-B4939CDE97E1}
		{53AE905E-E8B8-49E7-89F1-4D928BF155AE} = {D94AB05D-3837-4F7A-BE1D-B4939CDE97E1}
	EndGlobalSection
	GlobalSection(ExtensibilityGlobals) = postSolution
		SolutionGuid = {0F4395BA-5C04-4F1B-B5C8-A1712279E626}
	EndGlobalSection
EndGlobal
